
Microsoft Visual Studio Solution File, Format Version 12.00
# Visual Studio Version 17
VisualStudioVersion = 17.7.34221.43
MinimumVisualStudioVersion = 10.0.40219.1
Project("{FAE04EC0-301F-11D3-BF4B-00C04F79EFBC}") = "BlueGrassDigital", "BlueGrassDigital.csproj", "{BA41D4AB-4EC5-4D6F-8284-21016FB08039}"
EndProject
Global
	GlobalSection(SolutionConfigurationPlatforms) = preSolution
		Debug|Any CPU = Debug|Any CPU
		Release|Any CPU = Release|Any CPU
	EndGlobalSection
	GlobalSection(ProjectConfigurationPlatforms) = postSolution
		{BA41D4AB-4EC5-4D6F-8284-21016FB08039}.Debug|Any CPU.ActiveCfg = Debug|Any CPU
		{BA41D4AB-4EC5-4D6F-8284-21016FB08039}.Debug|Any CPU.Build.0 = Debug|Any CPU
		{BA41D4AB-4EC5-4D6F-8284-21016FB08039}.Release|Any CPU.ActiveCfg = Release|Any CPU
		{BA41D4AB-4EC5-4D6F-8284-21016FB08039}.Release|Any CPU.Build.0 = Release|Any CPU
	EndGlobalSection
	GlobalSection(SolutionProperties) = preSolution
		HideSolutionNode = FALSE
	EndGlobalSection
	GlobalSection(ExtensibilityGlobals) = postSolution
		SolutionGuid = {DFA55E34-52B1-42B4-8327-A9BCC1317AB9}
	EndGlobalSection
EndGlobal
